
Microsoft Visual Studio Solution File, Format Version 12.00
# Visual Studio 15
VisualStudioVersion = 15.0.28307.1321
MinimumVisualStudioVersion = 10.0.40219.1
Project("{FAE04EC0-301F-11D3-BF4B-00C04F79EFBC}") = "2021NewYear_CSharp", "2021NewYear_CSharp\2021NewYear_CSharp.csproj", "{946213CD-E755-4490-B67E-3C92307297BA}"
EndProject
Global
	GlobalSection(SolutionConfigurationPlatforms) = preSolution
		Debug|Any CPU = Debug|Any CPU
		Release|Any CPU = Release|Any CPU
	EndGlobalSection
	GlobalSection(ProjectConfigurationPlatforms) = postSolution
		{946213CD-E755-4490-B67E-3C92307297BA}.Debug|Any CPU.ActiveCfg = Debug|Any CPU
		{946213CD-E755-4490-B67E-3C92307297BA}.Debug|Any CPU.Build.0 = Debug|Any CPU
		{946213CD-E755-4490-B67E-3C92307297BA}.Release|Any CPU.ActiveCfg = Release|Any CPU
		{946213CD-E755-4490-B67E-3C92307297BA}.Release|Any CPU.Build.0 = Release|Any CPU
	EndGlobalSection
	GlobalSection(SolutionProperties) = preSolution
		HideSolutionNode = FALSE
	EndGlobalSection
	GlobalSection(ExtensibilityGlobals) = postSolution
		SolutionGuid = {19BBE726-CCDA-4CEF-8A80-D189B0EBDD26}
	EndGlobalSection
EndGlobal
